
Microsoft Visual Studio Solution File, Format Version 12.00
# Visual Studio Version 17
VisualStudioVersion = 17.8.34330.188
MinimumVisualStudioVersion = 10.0.40219.1
Project("{FAE04EC0-301F-11D3-BF4B-00C04F79EFBC}") = "Project Treadmill Godot", "Project Treadmill Godot.csproj", "{9EB6BDC5-238D-4FB6-BD2B-44B04E2ADB77}"
EndProject
Global
	GlobalSection(SolutionConfigurationPlatforms) = preSolution
		Debug|Any CPU = Debug|Any CPU
		ExportDebug|Any CPU = ExportDebug|Any CPU
		ExportRelease|Any CPU = ExportRelease|Any CPU
	EndGlobalSection
	GlobalSection(ProjectConfigurationPlatforms) = postSolution
		{9EB6BDC5-238D-4FB6-BD2B-44B04E2ADB77}.Debug|Any CPU.ActiveCfg = Debug|Any CPU
		{9EB6BDC5-238D-4FB6-BD2B-44B04E2ADB77}.Debug|Any CPU.Build.0 = Debug|Any CPU
		{9EB6BDC5-238D-4FB6-BD2B-44B04E2ADB77}.ExportDebug|Any CPU.ActiveCfg = ExportDebug|Any CPU
		{9EB6BDC5-238D-4FB6-BD2B-44B04E2ADB77}.ExportDebug|Any CPU.Build.0 = ExportDebug|Any CPU
		{9EB6BDC5-238D-4FB6-BD2B-44B04E2ADB77}.ExportRelease|Any CPU.ActiveCfg = ExportRelease|Any CPU
		{9EB6BDC5-238D-4FB6-BD2B-44B04E2ADB77}.ExportRelease|Any CPU.Build.0 = ExportRelease|Any CPU
	EndGlobalSection
	GlobalSection(SolutionProperties) = preSolution
		HideSolutionNode = FALSE
	EndGlobalSection
	GlobalSection(ExtensibilityGlobals) = postSolution
		SolutionGuid = {DF852B04-0475-48D0-9B02-6EFE42036CF7}
	EndGlobalSection
EndGlobal
